{
  "requires": true,
  "lockfileVersion": 1,
  "dependencies": {
    "@firebase/analytics-types": {
      "version": "0.2.6",
      "resolved": "https://registry.npmjs.org/@firebase/analytics-types/-/analytics-types-0.2.6.tgz",
      "integrity": "sha512-G4wGsWCxVibT4vHHTzFXi0uXk91upPUMYQyKnVEq4E9Qr491+EyyT3xH/6k+Hxj4/bGeK0lhJ4czMd1R5cOWwg=="
    },
    "@firebase/app-types": {
      "version": "0.5.1",
      "resolved": "https://registry.npmjs.org/@firebase/app-types/-/app-types-0.5.1.tgz",
      "integrity": "sha512-fhe4KxEoRLD596tuIkvBXVHedVByI5ALzf5nMraOXsnBxLY0gKcMSXQGwwPxZyeUt/S1VM8DRVXOg9shegEO7g=="
    },
    "@firebase/auth-interop-types": {
      "version": "0.1.2",
      "resolved": "https://registry.npmjs.org/@firebase/auth-interop-types/-/auth-interop-types-0.1.2.tgz",
      "integrity": "sha512-FW4wNZbGSBpA8SgJy8EFdx0lPGm8a25zojI48kbV+QNn4EizJ1jbLPGtmBeEJJPFI4Ij+9EuCbsV1iwelZzDaA=="
    },
    "@firebase/auth-types": {
      "version": "0.9.5",
      "resolved": "https://registry.npmjs.org/@firebase/auth-types/-/auth-types-0.9.5.tgz",
      "integrity": "sha512-nXruvfY/S3q2PhKR/vMfWGkn/zZY0JTT07R/aEdClYRDV7AZDhmgCi3m5HZmj+bMPz7PeZT/w1tUuNLjUqJV2A=="
    },
    "@firebase/database-types": {
      "version": "0.4.11",
      "resolved": "https://registry.npmjs.org/@firebase/database-types/-/database-types-0.4.11.tgz",
      "integrity": "sha512-+SiBjnufVhRSJg078feQWH7yHQncRjX+23NUgvBCRFXNBwUVvmPenNXYhCpF8XbhSOrC7BvfcRZTGqeI7+ZUdg==",
      "requires": {
        "@firebase/app-types": "0.5.1"
      }
    },
    "@firebase/firestore-types": {
      "version": "1.9.1",
      "resolved": "https://registry.npmjs.org/@firebase/firestore-types/-/firestore-types-1.9.1.tgz",
      "integrity": "sha512-w3pT+RMQOORS8Tvf6wCaW8sq8hklPS4FkWSGCyo/gIbATP7pG8rvQDihN1x6D3if1jILWiZ/uPyl0eazm+MGzw=="
    },
    "@firebase/functions-types": {
      "version": "0.3.14",
      "resolved": "https://registry.npmjs.org/@firebase/functions-types/-/functions-types-0.3.14.tgz",
      "integrity": "sha512-G7wq6fahQuXbiSf/PbffWnWXNaYKsT9ECvps/2hTKXevZfeWEhDju40c/XFIDI2dcSnTfOYiKoRP8Mp7hi7/CQ=="
    },
    "@firebase/installations-types": {
      "version": "0.3.1",
      "resolved": "https://registry.npmjs.org/@firebase/installations-types/-/installations-types-0.3.1.tgz",
      "integrity": "sha512-VU2Ssgy+rZx1LLra3e3CtYQ6cyZHMsg8zO6HVK3sf83qEOWMmWFPxLgjmyrCx+YDSY4A0TwmwFi2I7Mh98WY7w=="
    },
    "@firebase/logger": {
      "version": "0.1.35",
      "resolved": "https://registry.npmjs.org/@firebase/logger/-/logger-0.1.35.tgz",
      "integrity": "sha512-T7I/0+IQrlPAm/uUw6xeyJH5Msi8P6in/0LUtz2XQn2+LVBqyatlr+Nod9AldDCZehwLySEAFhXlqhb3BrI5GA=="
    },
    "@firebase/messaging-types": {
      "version": "0.4.2",
      "resolved": "https://registry.npmjs.org/@firebase/messaging-types/-/messaging-types-0.4.2.tgz",
      "integrity": "sha512-Yb6pJ31tyDWP+4/8uXUO4cNP4oBdfauNuPT0SVqQ92SKlp4n2lHtH68IHa1outxJj6CFzFgj/Z2YZMviUWCM0Q=="
    },
    "@firebase/performance-types": {
      "version": "0.0.9",
      "resolved": "https://registry.npmjs.org/@firebase/performance-types/-/performance-types-0.0.9.tgz",
      "integrity": "sha512-kOVFW2OY5qObjSrq3OczLuEIKGtnVw/R7qw/wTtgPbyQUhMp7o2tnfTcMWlKSEifgcJDEY3kMTda3fjAuXgzSw=="
    },
    "@firebase/remote-config-types": {
      "version": "0.1.6",
      "resolved": "https://registry.npmjs.org/@firebase/remote-config-types/-/remote-config-types-0.1.6.tgz",
      "integrity": "sha512-t8Q3GOq7mGqy8SwgnMHQZYqADEc4fj3rdA8U+ZFPWEISMrGQQfaCm/5QaS7HFmSoKaJx+/tSBBKVjVqvSoOH6Q=="
    },
    "@firebase/storage-types": {
      "version": "0.3.9",
      "resolved": "https://registry.npmjs.org/@firebase/storage-types/-/storage-types-0.3.9.tgz",
      "integrity": "sha512-az7GZ9zpLAh8vvbOKGwsRy/pB7bI654PzGPvAdK4E35NDBjLMTVBn8yqeDZd/5OjY3dgYit0twIDo1ljx1O6QA=="
    },
    "@firebase/webchannel-wrapper": {
      "version": "0.2.35",
      "resolved": "https://registry.npmjs.org/@firebase/webchannel-wrapper/-/webchannel-wrapper-0.2.35.tgz",
      "integrity": "sha512-7njiGBbFW0HCnuKNEJLcQt9EjfOzG8EJiXlFJwA3XfgiFxPVHmXrcF4d5yold2wfiwCwrXpeNTGZ854oRr6Hcw=="
    },
    "@protobufjs/aspromise": {
      "version": "1.1.2",
      "resolved": "https://registry.npmjs.org/@protobufjs/aspromise/-/aspromise-1.1.2.tgz",
      "integrity": "sha1-m4sMxmPWaafY9vXQiToU00jzD78="
    },
    "@protobufjs/base64": {
      "version": "1.1.2",
      "resolved": "https://registry.npmjs.org/@protobufjs/base64/-/base64-1.1.2.tgz",
      "integrity": "sha512-AZkcAA5vnN/v4PDqKyMR5lx7hZttPDgClv83E//FMNhR2TMcLUhfRUBHCmSl0oi9zMgDDqRUJkSxO3wm85+XLg=="
    },
    "@protobufjs/codegen": {
      "version": "2.0.4",
      "resolved": "https://registry.npmjs.org/@protobufjs/codegen/-/codegen-2.0.4.tgz",
      "integrity": "sha512-YyFaikqM5sH0ziFZCN3xDC7zeGaB/d0IUb9CATugHWbd1FRFwWwt4ld4OYMPWu5a3Xe01mGAULCdqhMlPl29Jg=="
    },
    "@protobufjs/eventemitter": {
      "version": "1.1.0",
      "resolved": "https://registry.npmjs.org/@protobufjs/eventemitter/-/eventemitter-1.1.0.tgz",
      "integrity": "sha1-NVy8mLr61ZePntCV85diHx0Ga3A="
    },
    "@protobufjs/fetch": {
      "version": "1.1.0",
      "resolved": "https://registry.npmjs.org/@protobufjs/fetch/-/fetch-1.1.0.tgz",
      "integrity": "sha1-upn7WYYUr2VwDBYZ/wbUVLDYTEU=",
      "requires": {
        "@protobufjs/aspromise": "^1.1.1",
        "@protobufjs/inquire": "^1.1.0"
      }
    },
    "@protobufjs/float": {
      "version": "1.0.2",
      "resolved": "https://registry.npmjs.org/@protobufjs/float/-/float-1.0.2.tgz",
      "integrity": "sha1-Xp4avctz/Ap8uLKR33jIy9l7h9E="
    },
    "@protobufjs/inquire": {
      "version": "1.1.0",
      "resolved": "https://registry.npmjs.org/@protobufjs/inquire/-/inquire-1.1.0.tgz",
      "integrity": "sha1-/yAOPnzyQp4tyvwRQIKOjMY48Ik="
    },
    "@protobufjs/path": {
      "version": "1.1.2",
      "resolved": "https://registry.npmjs.org/@protobufjs/path/-/path-1.1.2.tgz",
      "integrity": "sha1-bMKyDFya1q0NzP0hynZz2Nf79o0="
    },
    "@protobufjs/pool": {
      "version": "1.1.0",
      "resolved": "https://registry.npmjs.org/@protobufjs/pool/-/pool-1.1.0.tgz",
      "integrity": "sha1-Cf0V8tbTq/qbZbw2ZQbWrXhG/1Q="
    },
    "@protobufjs/utf8": {
      "version": "1.1.0",
      "resolved": "https://registry.npmjs.org/@protobufjs/utf8/-/utf8-1.1.0.tgz",
      "integrity": "sha1-p3c2C1s5oaLlEG+OhY8v0tBgxXA="
    },
    "@types/bytebuffer": {
      "version": "5.0.40",
      "resolved": "https://registry.npmjs.org/@types/bytebuffer/-/bytebuffer-5.0.40.tgz",
      "integrity": "sha512-h48dyzZrPMz25K6Q4+NCwWaxwXany2FhQg/ErOcdZS1ZpsaDnDMZg8JYLMTGz7uvXKrcKGJUZJlZObyfgdaN9g==",
      "requires": {
        "@types/long": "*",
        "@types/node": "*"
      }
    },
    "@types/long": {
      "version": "4.0.1",
      "resolved": "https://registry.npmjs.org/@types/long/-/long-4.0.1.tgz",
      "integrity": "sha512-5tXH6Bx/kNGd3MgffdmP4dy2Z+G4eaXw0SE81Tq3BNadtnMR5/ySMzX4SLEzHJzSmPNn4HIdpQsBvXMUykr58w=="
    },
    "@types/node": {
      "version": "10.17.16",
      "resolved": "https://registry.npmjs.org/@types/node/-/node-10.17.16.tgz",
      "integrity": "sha512-A4283YSA1OmnIivcpy/4nN86YlnKRiQp8PYwI2KdPCONEBN093QTb0gCtERtkLyVNGKKIGazTZ2nAmVzQU51zA=="
    },
    "ansi-regex": {
      "version": "2.1.1",
      "resolved": "https://registry.npmjs.org/ansi-regex/-/ansi-regex-2.1.1.tgz",
      "integrity": "sha1-w7M6te42DYbg5ijwRorn7yfWVN8="
    }
  }
}
